
Microsoft Visual Studio Solution File, Format Version 12.00
# Visual Studio Version 16
VisualStudioVersion = 16.0.30717.126
MinimumVisualStudioVersion = 10.0.40219.1
Project("{FAE04EC0-301F-11D3-BF4B-00C04F79EFBC}") = "Entities", "Entities\Entities.csproj", "{4B3B27A7-3411-4D6A-B92F-B130EAE1B51E}"
EndProject
Project("{FAE04EC0-301F-11D3-BF4B-00C04F79EFBC}") = "DataAccess", "DataAccess\DataAccess.csproj", "{5DBCAEF2-D2F9-495D-9C9D-2AC3D2ED4182}"
EndProject
Project("{FAE04EC0-301F-11D3-BF4B-00C04F79EFBC}") = "Business", "Business\Business.csproj", "{CBE81E95-7FC9-4E6B-B403-EB04FD166D09}"
EndProject
Project("{FAE04EC0-301F-11D3-BF4B-00C04F79EFBC}") = "Demo", "Console\Demo.csproj", "{95E0BC10-80C2-48DF-AC31-F16B3CB4133D}"
EndProject
Global
	GlobalSection(SolutionConfigurationPlatforms) = preSolution
		Debug|Any CPU = Debug|Any CPU
		Release|Any CPU = Release|Any CPU
	EndGlobalSection
	GlobalSection(ProjectConfigurationPlatforms) = postSolution
		{4B3B27A7-3411-4D6A-B92F-B130EAE1B51E}.Debug|Any CPU.ActiveCfg = Debug|Any CPU
		{4B3B27A7-3411-4D6A-B92F-B130EAE1B51E}.Debug|Any CPU.Build.0 = Debug|Any CPU
		{4B3B27A7-3411-4D6A-B92F-B130EAE1B51E}.Release|Any CPU.ActiveCfg = Release|Any CPU
		{4B3B27A7-3411-4D6A-B92F-B130EAE1B51E}.Release|Any CPU.Build.0 = Release|Any CPU
		{5DBCAEF2-D2F9-495D-9C9D-2AC3D2ED4182}.Debug|Any CPU.ActiveCfg = Debug|Any CPU
		{5DBCAEF2-D2F9-495D-9C9D-2AC3D2ED4182}.Debug|Any CPU.Build.0 = Debug|Any CPU
		{5DBCAEF2-D2F9-495D-9C9D-2AC3D2ED4182}.Release|Any CPU.ActiveCfg = Release|Any CPU
		{5DBCAEF2-D2F9-495D-9C9D-2AC3D2ED4182}.Release|Any CPU.Build.0 = Release|Any CPU
		{CBE81E95-7FC9-4E6B-B403-EB04FD166D09}.Debug|Any CPU.ActiveCfg = Debug|Any CPU
		{CBE81E95-7FC9-4E6B-B403-EB04FD166D09}.Debug|Any CPU.Build.0 = Debug|Any CPU
		{CBE81E95-7FC9-4E6B-B403-EB04FD166D09}.Release|Any CPU.ActiveCfg = Release|Any CPU
		{CBE81E95-7FC9-4E6B-B403-EB04FD166D09}.Release|Any CPU.Build.0 = Release|Any CPU
		{95E0BC10-80C2-48DF-AC31-F16B3CB4133D}.Debug|Any CPU.ActiveCfg = Debug|Any CPU
		{95E0BC10-80C2-48DF-AC31-F16B3CB4133D}.Debug|Any CPU.Build.0 = Debug|Any CPU
		{95E0BC10-80C2-48DF-AC31-F16B3CB4133D}.Release|Any CPU.ActiveCfg = Release|Any CPU
		{95E0BC10-80C2-48DF-AC31-F16B3CB4133D}.Release|Any CPU.Build.0 = Release|Any CPU
	EndGlobalSection
	GlobalSection(SolutionProperties) = preSolution
		HideSolutionNode = FALSE
	EndGlobalSection
	GlobalSection(ExtensibilityGlobals) = postSolution
		SolutionGuid = {997CC630-EA64-42DE-9FEC-1F74479C88FA}
	EndGlobalSection
EndGlobal
